
Microsoft Visual Studio Solution File, Format Version 11.00
# Visual Studio 2010
Project("{FAE04EC0-301F-11D3-BF4B-00C04F79EFBC}") = "Assembly-CSharp", "Assembly-CSharp.csproj", "{72679706-AC8A-6229-C389-DB52C6C8AF0A}"
EndProject
Global
	GlobalSection(SolutionConfigurationPlatforms) = preSolution
		Debug|Any CPU = Debug|Any CPU
		Release|Any CPU = Release|Any CPU
	EndGlobalSection
	GlobalSection(ProjectConfigurationPlatforms) = postSolution
		{72679706-AC8A-6229-C389-DB52C6C8AF0A}.Debug|Any CPU.ActiveCfg = Debug|Any CPU
		{72679706-AC8A-6229-C389-DB52C6C8AF0A}.Debug|Any CPU.Build.0 = Debug|Any CPU
		{72679706-AC8A-6229-C389-DB52C6C8AF0A}.Release|Any CPU.ActiveCfg = Release|Any CPU
		{72679706-AC8A-6229-C389-DB52C6C8AF0A}.Release|Any CPU.Build.0 = Release|Any CPU
	EndGlobalSection
	GlobalSection(SolutionProperties) = preSolution
		HideSolutionNode = FALSE
	EndGlobalSection
	GlobalSection(MonoDevelopProperties) = preSolution
		StartupItem = Assembly-CSharp.csproj
	EndGlobalSection
EndGlobal
